
Microsoft Visual Studio Solution File, Format Version 12.00
Project("{FAE04EC0-301F-11D3-BF4B-00C04F79EFBC}") = "KutCode.Cve.Domain", "src\core\KutCode.Cve.Domain\KutCode.Cve.Domain.csproj", "{7A635500-0389-4DF2-81AC-BDCB87AF82EE}"
EndProject
Project("{2150E333-8FDC-42A3-9474-1A3956D46DE8}") = "core", "core", "{40818A39-68E6-4B7A-BE3D-653641B716F3}"
EndProject
Project("{FAE04EC0-301F-11D3-BF4B-00C04F79EFBC}") = "KutCode.Cve.Application", "src\core\KutCode.Cve.Application\KutCode.Cve.Application.csproj", "{D391A3E7-6ACA-4BBD-BE0F-6D5C413C9FC7}"
EndProject
Project("{2150E333-8FDC-42A3-9474-1A3956D46DE8}") = "infrastructure", "infrastructure", "{E6380267-DD4B-4D60-AE4C-505108DBEA4F}"
EndProject
Project("{FAE04EC0-301F-11D3-BF4B-00C04F79EFBC}") = "KutCode.Cve.Persistence", "src\infrastructure\KutCode.Cve.Persistence\KutCode.Cve.Persistence.csproj", "{7B18612B-32A1-4284-B8A6-52AFFD997A25}"
EndProject
Project("{2150E333-8FDC-42A3-9474-1A3956D46DE8}") = "presentation", "presentation", "{359D634D-6618-4CD2-BB8A-0A128341DE45}"
EndProject
Project("{FAE04EC0-301F-11D3-BF4B-00C04F79EFBC}") = "KutCode.Cve.Api", "src\presentation\KutCode.Cve.Api\KutCode.Cve.Api.csproj", "{BE6067D5-0DDE-4F73-982C-5EF1E6605C1B}"
EndProject
Project("{2150E333-8FDC-42A3-9474-1A3956D46DE8}") = "tests", "tests", "{149C2998-7A28-4D6C-8A9B-34CF94A37940}"
EndProject
Project("{FAE04EC0-301F-11D3-BF4B-00C04F79EFBC}") = "KutCode.Cve.Domain.Tests", "tests\KutCode.Cve.Domain.Tests\KutCode.Cve.Domain.Tests.csproj", "{B7DBDAB1-DA7A-492B-B006-704A5C5BB166}"
EndProject
Global
	GlobalSection(SolutionConfigurationPlatforms) = preSolution
		Debug|Any CPU = Debug|Any CPU
		Release|Any CPU = Release|Any CPU
	EndGlobalSection
	GlobalSection(ProjectConfigurationPlatforms) = postSolution
		{7A635500-0389-4DF2-81AC-BDCB87AF82EE}.Debug|Any CPU.ActiveCfg = Debug|Any CPU
		{7A635500-0389-4DF2-81AC-BDCB87AF82EE}.Debug|Any CPU.Build.0 = Debug|Any CPU
		{7A635500-0389-4DF2-81AC-BDCB87AF82EE}.Release|Any CPU.ActiveCfg = Release|Any CPU
		{7A635500-0389-4DF2-81AC-BDCB87AF82EE}.Release|Any CPU.Build.0 = Release|Any CPU
		{D391A3E7-6ACA-4BBD-BE0F-6D5C413C9FC7}.Debug|Any CPU.ActiveCfg = Debug|Any CPU
		{D391A3E7-6ACA-4BBD-BE0F-6D5C413C9FC7}.Debug|Any CPU.Build.0 = Debug|Any CPU
		{D391A3E7-6ACA-4BBD-BE0F-6D5C413C9FC7}.Release|Any CPU.ActiveCfg = Release|Any CPU
		{D391A3E7-6ACA-4BBD-BE0F-6D5C413C9FC7}.Release|Any CPU.Build.0 = Release|Any CPU
		{7B18612B-32A1-4284-B8A6-52AFFD997A25}.Debug|Any CPU.ActiveCfg = Debug|Any CPU
		{7B18612B-32A1-4284-B8A6-52AFFD997A25}.Debug|Any CPU.Build.0 = Debug|Any CPU
		{7B18612B-32A1-4284-B8A6-52AFFD997A25}.Release|Any CPU.ActiveCfg = Release|Any CPU
		{7B18612B-32A1-4284-B8A6-52AFFD997A25}.Release|Any CPU.Build.0 = Release|Any CPU
		{BE6067D5-0DDE-4F73-982C-5EF1E6605C1B}.Debug|Any CPU.ActiveCfg = Debug|Any CPU
		{BE6067D5-0DDE-4F73-982C-5EF1E6605C1B}.Debug|Any CPU.Build.0 = Debug|Any CPU
		{BE6067D5-0DDE-4F73-982C-5EF1E6605C1B}.Release|Any CPU.ActiveCfg = Release|Any CPU
		{BE6067D5-0DDE-4F73-982C-5EF1E6605C1B}.Release|Any CPU.Build.0 = Release|Any CPU
		{B7DBDAB1-DA7A-492B-B006-704A5C5BB166}.Debug|Any CPU.ActiveCfg = Debug|Any CPU
		{B7DBDAB1-DA7A-492B-B006-704A5C5BB166}.Debug|Any CPU.Build.0 = Debug|Any CPU
		{B7DBDAB1-DA7A-492B-B006-704A5C5BB166}.Release|Any CPU.ActiveCfg = Release|Any CPU
		{B7DBDAB1-DA7A-492B-B006-704A5C5BB166}.Release|Any CPU.Build.0 = Release|Any CPU
	EndGlobalSection
	GlobalSection(NestedProjects) = preSolution
		{7A635500-0389-4DF2-81AC-BDCB87AF82EE} = {40818A39-68E6-4B7A-BE3D-653641B716F3}
		{D391A3E7-6ACA-4BBD-BE0F-6D5C413C9FC7} = {40818A39-68E6-4B7A-BE3D-653641B716F3}
		{7B18612B-32A1-4284-B8A6-52AFFD997A25} = {E6380267-DD4B-4D60-AE4C-505108DBEA4F}
		{BE6067D5-0DDE-4F73-982C-5EF1E6605C1B} = {359D634D-6618-4CD2-BB8A-0A128341DE45}
		{B7DBDAB1-DA7A-492B-B006-704A5C5BB166} = {149C2998-7A28-4D6C-8A9B-34CF94A37940}
	EndGlobalSection
EndGlobal
